
Microsoft Visual Studio Solution File, Format Version 12.00
# Visual Studio Version 16
VisualStudioVersion = 16.0.29519.181
MinimumVisualStudioVersion = 10.0.40219.1
Project("{9A19103F-16F7-4668-BE54-9A1E7A4F7556}") = "Toolbox", "LeftToRight\Toolbox.csproj", "{C070661F-AD0C-4988-AD78-C5CDA2C8FE59}"
EndProject
Project("{9A19103F-16F7-4668-BE54-9A1E7A4F7556}") = "Toolbox.Test", "LeftToRight.Test\Toolbox.Test.csproj", "{8C275A02-BC9B-44EF-909D-F00AB552B84E}"
EndProject
Global
	GlobalSection(SolutionConfigurationPlatforms) = preSolution
		Debug|Any CPU = Debug|Any CPU
		Release|Any CPU = Release|Any CPU
	EndGlobalSection
	GlobalSection(ProjectConfigurationPlatforms) = postSolution
		{C070661F-AD0C-4988-AD78-C5CDA2C8FE59}.Debug|Any CPU.ActiveCfg = Debug|Any CPU
		{C070661F-AD0C-4988-AD78-C5CDA2C8FE59}.Debug|Any CPU.Build.0 = Debug|Any CPU
		{C070661F-AD0C-4988-AD78-C5CDA2C8FE59}.Release|Any CPU.ActiveCfg = Release|Any CPU
		{C070661F-AD0C-4988-AD78-C5CDA2C8FE59}.Release|Any CPU.Build.0 = Release|Any CPU
		{8C275A02-BC9B-44EF-909D-F00AB552B84E}.Debug|Any CPU.ActiveCfg = Debug|Any CPU
		{8C275A02-BC9B-44EF-909D-F00AB552B84E}.Debug|Any CPU.Build.0 = Debug|Any CPU
		{8C275A02-BC9B-44EF-909D-F00AB552B84E}.Release|Any CPU.ActiveCfg = Release|Any CPU
		{8C275A02-BC9B-44EF-909D-F00AB552B84E}.Release|Any CPU.Build.0 = Release|Any CPU
	EndGlobalSection
	GlobalSection(SolutionProperties) = preSolution
		HideSolutionNode = FALSE
	EndGlobalSection
	GlobalSection(ExtensibilityGlobals) = postSolution
		SolutionGuid = {89071BFD-A2F3-450F-91F6-077BD289954D}
	EndGlobalSection
EndGlobal
